
Microsoft Visual Studio Solution File, Format Version 12.00
# Visual Studio Version 17
VisualStudioVersion = 17.0.31903.59
MinimumVisualStudioVersion = 10.0.40219.1
Project("{FAE04EC0-301F-11D3-BF4B-00C04F79EFBC}") = "CourseNoteSharingSystem", "CourseNoteSharingSystem\CourseNoteSharingSystem.csproj", "{DDBA0A2B-443A-40DB-8D54-AEC062F88940}"
EndProject
Global
	GlobalSection(SolutionConfigurationPlatforms) = preSolution
		Debug|Any CPU = Debug|Any CPU
		Debug|x64 = Debug|x64
		Debug|x86 = Debug|x86
		Release|Any CPU = Release|Any CPU
		Release|x64 = Release|x64
		Release|x86 = Release|x86
	EndGlobalSection
	GlobalSection(ProjectConfigurationPlatforms) = postSolution
		{DDBA0A2B-443A-40DB-8D54-AEC062F88940}.Debug|Any CPU.ActiveCfg = Debug|Any CPU
		{DDBA0A2B-443A-40DB-8D54-AEC062F88940}.Debug|Any CPU.Build.0 = Debug|Any CPU
		{DDBA0A2B-443A-40DB-8D54-AEC062F88940}.Debug|x64.ActiveCfg = Debug|Any CPU
		{DDBA0A2B-443A-40DB-8D54-AEC062F88940}.Debug|x64.Build.0 = Debug|Any CPU
		{DDBA0A2B-443A-40DB-8D54-AEC062F88940}.Debug|x86.ActiveCfg = Debug|Any CPU
		{DDBA0A2B-443A-40DB-8D54-AEC062F88940}.Debug|x86.Build.0 = Debug|Any CPU
		{DDBA0A2B-443A-40DB-8D54-AEC062F88940}.Release|Any CPU.ActiveCfg = Release|Any CPU
		{DDBA0A2B-443A-40DB-8D54-AEC062F88940}.Release|Any CPU.Build.0 = Release|Any CPU
		{DDBA0A2B-443A-40DB-8D54-AEC062F88940}.Release|x64.ActiveCfg = Release|Any CPU
		{DDBA0A2B-443A-40DB-8D54-AEC062F88940}.Release|x64.Build.0 = Release|Any CPU
		{DDBA0A2B-443A-40DB-8D54-AEC062F88940}.Release|x86.ActiveCfg = Release|Any CPU
		{DDBA0A2B-443A-40DB-8D54-AEC062F88940}.Release|x86.Build.0 = Release|Any CPU
	EndGlobalSection
	GlobalSection(SolutionProperties) = preSolution
		HideSolutionNode = FALSE
	EndGlobalSection
EndGlobal
